// !$*UTF8*$!
{
	archiveVersion = 1;
	classes = {
	};
	objectVersion = 46;
	objects = {

/* Begin PBXBuildFile section */
		06675B811B1A284A00ECD5AF /* AppDelegate.swift in Sources */ = {isa = PBXBuildFile; fileRef = 06675B801B1A284A00ECD5AF /* AppDelegate.swift */; };
		06675B861B1A284A00ECD5AF /* Main.storyboard in Resources */ = {isa = PBXBuildFile; fileRef = 06675B841B1A284A00ECD5AF /* Main.storyboard */; };
		06675B881B1A284A00ECD5AF /* Images.xcassets in Resources */ = {isa = PBXBuildFile; fileRef = 06675B871B1A284A00ECD5AF /* Images.xcassets */; };
		06675B8B1B1A284A00ECD5AF /* LaunchScreen.xib in Resources */ = {isa = PBXBuildFile; fileRef = 06675B891B1A284A00ECD5AF /* LaunchScreen.xib */; };
		06675B971B1A284A00ECD5AF /* PsychologistTests.swift in Sources */ = {isa = PBXBuildFile; fileRef = 06675B961B1A284A00ECD5AF /* PsychologistTests.swift */; };
		55548EBD1B4D2C8E00099551 /* FaceView.swift in Sources */ = {isa = PBXBuildFile; fileRef = 55548EBC1B4D2C8E00099551 /* FaceView.swift */; };
		55548EC21B4D2C9900099551 /* DiagnosedHappinessViewController.swift in Sources */ = {isa = PBXBuildFile; fileRef = 55548EBE1B4D2C9900099551 /* DiagnosedHappinessViewController.swift */; };
		55548EC31B4D2C9900099551 /* HappinessViewController.swift in Sources */ = {isa = PBXBuildFile; fileRef = 55548EBF1B4D2C9900099551 /* HappinessViewController.swift */; };
		55548EC41B4D2C9900099551 /* PsychologistViewController.swift in Sources */ = {isa = PBXBuildFile; fileRef = 55548EC01B4D2C9900099551 /* PsychologistViewController.swift */; };
		55548EC51B4D2C9900099551 /* TextViewController.swift in Sources */ = {isa = PBXBuildFile; fileRef = 55548EC11B4D2C9900099551 /* TextViewController.swift */; };
/* End PBXBuildFile section */

/* Begin PBXContainerItemProxy section */
		06675B911B1A284A00ECD5AF /* PBXContainerItemProxy */ = {
			isa = PBXContainerItemProxy;
			containerPortal = 06675B731B1A284A00ECD5AF /* Project object */;
			proxyType = 1;
			remoteGlobalIDString = 06675B7A1B1A284A00ECD5AF;
			remoteInfo = Psychologist;
		};
/* End PBXContainerItemProxy section */

/* Begin PBXFileReference section */
		06675B7B1B1A284A00ECD5AF /* Psychologist.app */ = {isa = PBXFileReference; explicitFileType = wrapper.application; includeInIndex = 0; path = Psychologist.app; sourceTree = BUILT_PRODUCTS_DIR; };
		06675B7F1B1A284A00ECD5AF /* Info.plist */ = {isa = PBXFileReference; lastKnownFileType = text.plist.xml; path = Info.plist; sourceTree = "<group>"; };
		06675B801B1A284A00ECD5AF /* AppDelegate.swift */ = {isa = PBXFileReference; lastKnownFileType = sourcecode.swift; path = AppDelegate.swift; sourceTree = "<group>"; };
		06675B851B1A284A00ECD5AF /* Base */ = {isa = PBXFileReference; lastKnownFileType = file.storyboard; name = Base; path = Base.lproj/Main.storyboard; sourceTree = "<group>"; };
		06675B871B1A284A00ECD5AF /* Images.xcassets */ = {isa = PBXFileReference; lastKnownFileType = folder.assetcatalog; path = Images.xcassets; sourceTree = "<group>"; };
		06675B8A1B1A284A00ECD5AF /* Base */ = {isa = PBXFileReference; lastKnownFileType = file.xib; name = Base; path = Base.lproj/LaunchScreen.xib; sourceTree = "<group>"; };
		06675B901B1A284A00ECD5AF /* PsychologistTests.xctest */ = {isa = PBXFileReference; explicitFileType = wrapper.cfbundle; includeInIndex = 0; path = PsychologistTests.xctest; sourceTree = BUILT_PRODUCTS_DIR; };
		06675B951B1A284A00ECD5AF /* Info.plist */ = {isa = PBXFileReference; lastKnownFileType = text.plist.xml; path = Info.plist; sourceTree = "<group>"; };
		06675B961B1A284A00ECD5AF /* PsychologistTests.swift */ = {isa = PBXFileReference; lastKnownFileType = sourcecode.swift; path = PsychologistTests.swift; sourceTree = "<group>"; };
		55548EBC1B4D2C8E00099551 /* FaceView.swift */ = {isa = PBXFileReference; fileEncoding = 4; lastKnownFileType = sourcecode.swift; name = FaceView.swift; path = View/FaceView.swift; sourceTree = "<group>"; };
		55548EBE1B4D2C9900099551 /* DiagnosedHappinessViewController.swift */ = {isa = PBXFileReference; fileEncoding = 4; lastKnownFileType = sourcecode.swift; name = DiagnosedHappinessViewController.swift; path = Controller/DiagnosedHappinessViewController.swift; sourceTree = "<group>"; };
		55548EBF1B4D2C9900099551 /* HappinessViewController.swift */ = {isa = PBXFileReference; fileEncoding = 4; lastKnownFileType = sourcecode.swift; name = HappinessViewController.swift; path = Controller/HappinessViewController.swift; sourceTree = "<group>"; };
		55548EC01B4D2C9900099551 /* PsychologistViewController.swift */ = {isa = PBXFileReference; fileEncoding = 4; lastKnownFileType = sourcecode.swift; name = PsychologistViewController.swift; path = Controller/PsychologistViewController.swift; sourceTree = "<group>"; };
		55548EC11B4D2C9900099551 /* TextViewController.swift */ = {isa = PBXFileReference; fileEncoding = 4; lastKnownFileType = sourcecode.swift; name = TextViewController.swift; path = Controller/TextViewController.swift; sourceTree = "<group>"; };
/* End PBXFileReference section */

/* Begin PBXFrameworksBuildPhase section */
		06675B781B1A284A00ECD5AF /* Frameworks */ = {
			isa = PBXFrameworksBuildPhase;
			buildActionMask = 2147483647;
			files = (
			);
			runOnlyForDeploymentPostprocessing = 0;
		};
		06675B8D1B1A284A00ECD5AF /* Frameworks */ = {
			isa = PBXFrameworksBuildPhase;
			buildActionMask = 2147483647;
			files = (
			);
			runOnlyForDeploymentPostprocessing = 0;
		};
/* End PBXFrameworksBuildPhase section */

/* Begin PBXGroup section */
		06675B721B1A284A00ECD5AF = {
			isa = PBXGroup;
			children = (
				06675B7D1B1A284A00ECD5AF /* Psychologist */,
				06675B931B1A284A00ECD5AF /* PsychologistTests */,
				06675B7C1B1A284A00ECD5AF /* Products */,
			);
			sourceTree = "<group>";
		};
		06675B7C1B1A284A00ECD5AF /* Products */ = {
			isa = PBXGroup;
			children = (
				06675B7B1B1A284A00ECD5AF /* Psychologist.app */,
				06675B901B1A284A00ECD5AF /* PsychologistTests.xctest */,
			);
			name = Products;
			sourceTree = "<group>";
		};
		06675B7D1B1A284A00ECD5AF /* Psychologist */ = {
			isa = PBXGroup;
			children = (
				55548EBB1B4D2C4C00099551 /* Controller */,
				55548EBA1B4D2C3E00099551 /* View */,
				06675B7E1B1A284A00ECD5AF /* Supporting Files */,
			);
			path = Psychologist;
			sourceTree = "<group>";
		};
		06675B7E1B1A284A00ECD5AF /* Supporting Files */ = {
			isa = PBXGroup;
			children = (
				06675B891B1A284A00ECD5AF /* LaunchScreen.xib */,
				06675B801B1A284A00ECD5AF /* AppDelegate.swift */,
				06675B871B1A284A00ECD5AF /* Images.xcassets */,
				06675B7F1B1A284A00ECD5AF /* Info.plist */,
			);
			name = "Supporting Files";
			sourceTree = "<group>";
		};
		06675B931B1A284A00ECD5AF /* PsychologistTests */ = {
			isa = PBXGroup;
			children = (
				06675B961B1A284A00ECD5AF /* PsychologistTests.swift */,
				06675B941B1A284A00ECD5AF /* Supporting Files */,
			);
			path = PsychologistTests;
			sourceTree = "<group>";
		};
		06675B941B1A284A00ECD5AF /* Supporting Files */ = {
			isa = PBXGroup;
			children = (
				06675B951B1A284A00ECD5AF /* Info.plist */,
			);
			name = "Supporting Files";
			sourceTree = "<group>";
		};
		55548EBA1B4D2C3E00099551 /* View */ = {
			isa = PBXGroup;
			children = (
				55548EBC1B4D2C8E00099551 /* FaceView.swift */,
				06675B841B1A284A00ECD5AF /* Main.storyboard */,
			);
			name = View;
			sourceTree = "<group>";
		};
		55548EBB1B4D2C4C00099551 /* Controller */ = {
			isa = PBXGroup;
			children = (
				55548EBE1B4D2C9900099551 /* DiagnosedHappinessViewController.swift */,
				55548EBF1B4D2C9900099551 /* HappinessViewController.swift */,
				55548EC01B4D2C9900099551 /* PsychologistViewController.swift */,
				55548EC11B4D2C9900099551 /* TextViewController.swift */,
			);
			name = Controller;
			sourceTree = "<group>";
		};
/* End PBXGroup section */

/* Begin PBXNativeTarget section */
		06675B7A1B1A284A00ECD5AF /* Psychologist */ = {
			isa = PBXNativeTarget;
			buildConfigurationList = 06675B9A1B1A284A00ECD5AF /* Build configuration list for PBXNativeTarget "Psychologist" */;
			buildPhases = (
				06675B771B1A284A00ECD5AF /* Sources */,
				06675B781B1A284A00ECD5AF /* Frameworks */,
				06675B791B1A284A00ECD5AF /* Resources */,
			);
			buildRules = (
			);
			dependencies = (
			);
			name = Psychologist;
			productName = Psychologist;
			productReference = 06675B7B1B1A284A00ECD5AF /* Psychologist.app */;
			productType = "com.apple.product-type.application";
		};
		06675B8F1B1A284A00ECD5AF /* PsychologistTests */ = {
			isa = PBXNativeTarget;
			buildConfigurationList = 06675B9D1B1A284A00ECD5AF /* Build configuration list for PBXNativeTarget "PsychologistTests" */;
			buildPhases = (
				06675B8C1B1A284A00ECD5AF /* Sources */,
				06675B8D1B1A284A00ECD5AF /* Frameworks */,
				06675B8E1B1A284A00ECD5AF /* Resources */,
			);
			buildRules = (
			);
			dependencies = (
				06675B921B1A284A00ECD5AF /* PBXTargetDependency */,
			);
			name = PsychologistTests;
			productName = PsychologistTests;
			productReference = 06675B901B1A284A00ECD5AF /* PsychologistTests.xctest */;
			productType = "com.apple.product-type.bundle.unit-test";
		};
/* End PBXNativeTarget section */

/* Begin PBXProject section */
		06675B731B1A284A00ECD5AF /* Project object */ = {
			isa = PBXProject;
			attributes = {
				LastUpgradeCheck = 0630;
				ORGANIZATIONNAME = INICEYOU;
				TargetAttributes = {
					06675B7A1B1A284A00ECD5AF = {
						CreatedOnToolsVersion = 6.3.2;
						DevelopmentTeam = A7CL5SKGAR;
					};
					06675B8F1B1A284A00ECD5AF = {
						CreatedOnToolsVersion = 6.3.2;
						TestTargetID = 06675B7A1B1A284A00ECD5AF;
					};
				};
			};
			buildConfigurationList = 06675B761B1A284A00ECD5AF /* Build configuration list for PBXProject "Psychologist" */;
			compatibilityVersion = "Xcode 3.2";
			developmentRegion = English;
			hasScannedForEncodings = 0;
			knownRegions = (
				en,
				Base,
			);
			mainGroup = 06675B721B1A284A00ECD5AF;
			productRefGroup = 06675B7C1B1A284A00ECD5AF /* Products */;
			projectDirPath = "";
			projectRoot = "";
			targets = (
				06675B7A1B1A284A00ECD5AF /* Psychologist */,
				06675B8F1B1A284A00ECD5AF /* PsychologistTests */,
			);
		};
/* End PBXProject section */

/* Begin PBXResourcesBuildPhase section */
		06675B791B1A284A00ECD5AF /* Resources */ = {
			isa = PBXResourcesBuildPhase;
			buildActionMask = 2147483647;
			files = (
				06675B861B1A284A00ECD5AF /* Main.storyboard in Resources */,
				06675B8B1B1A284A00ECD5AF /* LaunchScreen.xib in Resources */,
				06675B881B1A284A00ECD5AF /* Images.xcassets in Resources */,
			);
			runOnlyForDeploymentPostprocessing = 0;
		};
		06675B8E1B1A284A00ECD5AF /* Resources */ = {
			isa = PBXResourcesBuildPhase;
			buildActionMask = 2147483647;
			files = (
			);
			runOnlyForDeploymentPostprocessing = 0;
		};
/* End PBXResourcesBuildPhase section */

/* Begin PBXSourcesBuildPhase section */
		06675B771B1A284A00ECD5AF /* Sources */ = {
			isa = PBXSourcesBuildPhase;
			buildActionMask = 2147483647;
			files = (
				55548EC51B4D2C9900099551 /* TextViewController.swift in Sources */,
				55548EC31B4D2C9900099551 /* HappinessViewController.swift in Sources */,
				55548EC41B4D2C9900099551 /* PsychologistViewController.swift in Sources */,
				55548EC21B4D2C9900099551 /* DiagnosedHappinessViewController.swift in Sources */,
				55548EBD1B4D2C8E00099551 /* FaceView.swift in Sources */,
				06675B811B1A284A00ECD5AF /* AppDelegate.swift in Sources */,
			);
			runOnlyForDeploymentPostprocessing = 0;
		};
		06675B8C1B1A284A00ECD5AF /* Sources */ = {
			isa = PBXSourcesBuildPhase;
			buildActionMask = 2147483647;
			files = (
				06675B971B1A284A00ECD5AF /* PsychologistTests.swift in Sources */,
			);
			runOnlyForDeploymentPostprocessing = 0;
		};
/* End PBXSourcesBuildPhase section */

/* Begin PBXTargetDependency section */
		06675B921B1A284A00ECD5AF /* PBXTargetDependency */ = {
			isa = PBXTargetDependency;
			target = 06675B7A1B1A284A00ECD5AF /* Psychologist */;
			targetProxy = 06675B911B1A284A00ECD5AF /* PBXContainerItemProxy */;
		};
/* End PBXTargetDependency section */

/* Begin PBXVariantGroup section */
		06675B841B1A284A00ECD5AF /* Main.storyboard */ = {
			isa = PBXVariantGroup;
			children = (
				06675B851B1A284A00ECD5AF /* Base */,
			);
			name = Main.storyboard;
			sourceTree = "<group>";
		};
		06675B891B1A284A00ECD5AF /* LaunchScreen.xib */ = {
			isa = PBXVariantGroup;
			children = (
				06675B8A1B1A284A00ECD5AF /* Base */,
			);
			name = LaunchScreen.xib;
			sourceTree = "<group>";
		};
/* End PBXVariantGroup section */

/* Begin XCBuildConfiguration section */
		06675B981B1A284A00ECD5AF /* Debug */ = {
			isa = XCBuildConfiguration;
			buildSettings = {
				ALWAYS_SEARCH_USER_PATHS = NO;
				CLANG_CXX_LANGUAGE_STANDARD = "gnu++0x";
				CLANG_CXX_LIBRARY = "libc++";
				CLANG_ENABLE_MODULES = YES;
				CLANG_ENABLE_OBJC_ARC = YES;
				CLANG_WARN_BOOL_CONVERSION = YES;
				CLANG_WARN_CONSTANT_CONVERSION = YES;
				CLANG_WARN_DIRECT_OBJC_ISA_USAGE = YES_ERROR;
				CLANG_WARN_EMPTY_BODY = YES;
				CLANG_WARN_ENUM_CONVERSION = YES;
				CLANG_WARN_INT_CONVERSION = YES;
				CLANG_WARN_OBJC_ROOT_CLASS = YES_ERROR;
				CLANG_WARN_UNREACHABLE_CODE = YES;
				CLANG_WARN__DUPLICATE_METHOD_MATCH = YES;
				"CODE_SIGN_IDENTITY[sdk=iphoneos*]" = "iPhone Developer";
				COPY_PHASE_STRIP = NO;
				DEBUG_INFORMATION_FORMAT = "dwarf-with-dsym";
				ENABLE_STRICT_OBJC_MSGSEND = YES;
				GCC_C_LANGUAGE_STANDARD = gnu99;
				GCC_DYNAMIC_NO_PIC = NO;
				GCC_NO_COMMON_BLOCKS = YES;
				GCC_OPTIMIZATION_LEVEL = 0;
				GCC_PREPROCESSOR_DEFINITIONS = (
					"DEBUG=1",
					"$(inherited)",
				);
				GCC_SYMBOLS_PRIVATE_EXTERN = NO;
				GCC_WARN_64_TO_32_BIT_CONVERSION = YES;
				GCC_WARN_ABOUT_RETURN_TYPE = YES_ERROR;
				GCC_WARN_UNDECLARED_SELECTOR = YES;
				GCC_WARN_UNINITIALIZED_AUTOS = YES_AGGRESSIVE;
				GCC_WARN_UNUSED_FUNCTION = YES;
				GCC_WARN_UNUSED_VARIABLE = YES;
				IPHONEOS_DEPLOYMENT_TARGET = 8.3;
				MTL_ENABLE_DEBUG_INFO = YES;
				ONLY_ACTIVE_ARCH = YES;
				SDKROOT = iphoneos;
				SWIFT_OPTIMIZATION_LEVEL = "-Onone";
				TARGETED_DEVICE_FAMILY = "1,2";
			};
			name = Debug;
		};
		06675B991B1A284A00ECD5AF /* Release */ = {
			isa = XCBuildConfiguration;
			buildSettings = {
				ALWAYS_SEARCH_USER_PATHS = NO;
				CLANG_CXX_LANGUAGE_STANDARD = "gnu++0x";
				CLANG_CXX_LIBRARY = "libc++";
				CLANG_ENABLE_MODULES = YES;
				CLANG_ENABLE_OBJC_ARC = YES;
				CLANG_WARN_BOOL_CONVERSION = YES;
				CLANG_WARN_CONSTANT_CONVERSION = YES;
				CLANG_WARN_DIRECT_OBJC_ISA_USAGE = YES_ERROR;
				CLANG_WARN_EMPTY_BODY = YES;
				CLANG_WARN_ENUM_CONVERSION = YES;
				CLANG_WARN_INT_CONVERSION = YES;
				CLANG_WARN_OBJC_ROOT_CLASS = YES_ERROR;
				CLANG_WARN_UNREACHABLE_CODE = YES;
				CLANG_WARN__DUPLICATE_METHOD_MATCH = YES;
				"CODE_SIGN_IDENTITY[sdk=iphoneos*]" = "iPhone Developer";
				COPY_PHASE_STRIP = NO;
				DEBUG_INFORMATION_FORMAT = "dwarf-with-dsym";
				ENABLE_NS_ASSERTIONS = NO;
				ENABLE_STRICT_OBJC_MSGSEND = YES;
				GCC_C_LANGUAGE_STANDARD = gnu99;
				GCC_NO_COMMON_BLOCKS = YES;
				GCC_WARN_64_TO_32_BIT_CONVERSION = YES;
				GCC_WARN_ABOUT_RETURN_TYPE = YES_ERROR;
				GCC_WARN_UNDECLARED_SELECTOR = YES;
				GCC_WARN_UNINITIALIZED_AUTOS = YES_AGGRESSIVE;
				GCC_WARN_UNUSED_FUNCTION = YES;
				GCC_WARN_UNUSED_VARIABLE = YES;
				IPHONEOS_DEPLOYMENT_TARGET = 8.3;
				MTL_ENABLE_DEBUG_INFO = NO;
				SDKROOT = iphoneos;
				TARGETED_DEVICE_FAMILY = "1,2";
				VALIDATE_PRODUCT = YES;
			};
			name = Release;
		};
		06675B9B1B1A284A00ECD5AF /* Debug */ = {
			isa = XCBuildConfiguration;
			buildSettings = {
				ASSETCATALOG_COMPILER_APPICON_NAME = AppIcon;
				CODE_SIGN_IDENTITY = "iPhone Developer";
				INFOPLIST_FILE = Psychologist/Info.plist;
				LD_RUNPATH_SEARCH_PATHS = "$(inherited) @executable_path/Frameworks";
				PRODUCT_NAME = "$(TARGET_NAME)";
			};
			name = Debug;
		};
		06675B9C1B1A284A00ECD5AF /* Release */ = {
			isa = XCBuildConfiguration;
			buildSettings = {
				ASSETCATALOG_COMPILER_APPICON_NAME = AppIcon;
				CODE_SIGN_IDENTITY = "iPhone Developer";
				INFOPLIST_FILE = Psychologist/Info.plist;
				LD_RUNPATH_SEARCH_PATHS = "$(inherited) @executable_path/Frameworks";
				PRODUCT_NAME = "$(TARGET_NAME)";
			};
			name = Release;
		};
		06675B9E1B1A284A00ECD5AF /* Debug */ = {
			isa = XCBuildConfiguration;
			buildSettings = {
				BUNDLE_LOADER = "$(TEST_HOST)";
				FRAMEWORK_SEARCH_PATHS = (
					"$(SDKROOT)/Developer/Library/Frameworks",
					"$(inherited)",
				);
				GCC_PREPROCESSOR_DEFINITIONS = (
					"DEBUG=1",
					"$(inherited)",
				);
				INFOPLIST_FILE = PsychologistTests/Info.plist;
				LD_RUNPATH_SEARCH_PATHS = "$(inherited) @executable_path/Frameworks @loader_path/Frameworks";
				PRODUCT_NAME = "$(TARGET_NAME)";
				TEST_HOST = "$(BUILT_PRODUCTS_DIR)/Psychologist.app/Psychologist";
			};
			name = Debug;
		};
		06675B9F1B1A284A00ECD5AF /* Release */ = {
			isa = XCBuildConfiguration;
			buildSettings = {
				BUNDLE_LOADER = "$(TEST_HOST)";
				FRAMEWORK_SEARCH_PATHS = (
					"$(SDKROOT)/Developer/Library/Frameworks",
					"$(inherited)",
				);
				INFOPLIST_FILE = PsychologistTests/Info.plist;
				LD_RUNPATH_SEARCH_PATHS = "$(inherited) @executable_path/Frameworks @loader_path/Frameworks";
				PRODUCT_NAME = "$(TARGET_NAME)";
				TEST_HOST = "$(BUILT_PRODUCTS_DIR)/Psychologist.app/Psychologist";
			};
			name = Release;
		};
/* End XCBuildConfiguration section */

/* Begin XCConfigurationList section */
		06675B761B1A284A00ECD5AF /* Build configuration list for PBXProject "Psychologist" */ = {
			isa = XCConfigurationList;
			buildConfigurations = (
				06675B981B1A284A00ECD5AF /* Debug */,
				06675B991B1A284A00ECD5AF /* Release */,
			);
			defaultConfigurationIsVisible = 0;
			defaultConfigurationName = Release;
		};
		06675B9A1B1A284A00ECD5AF /* Build configuration list for PBXNativeTarget "Psychologist" */ = {
			isa = XCConfigurationList;
			buildConfigurations = (
				06675B9B1B1A284A00ECD5AF /* Debug */,
				06675B9C1B1A284A00ECD5AF /* Release */,
			);
			defaultConfigurationIsVisible = 0;
			defaultConfigurationName = Release;
		};
		06675B9D1B1A284A00ECD5AF /* Build configuration list for PBXNativeTarget "PsychologistTests" */ = {
			isa = XCConfigurationList;
			buildConfigurations = (
				06675B9E1B1A284A00ECD5AF /* Debug */,
				06675B9F1B1A284A00ECD5AF /* Release */,
			);
			defaultConfigurationIsVisible = 0;
			defaultConfigurationName = Release;
		};
/* End XCConfigurationList section */
	};
	rootObject = 06675B731B1A284A00ECD5AF /* Project object */;
}
